
Microsoft Visual Studio Solution File, Format Version 12.00
# Visual Studio Version 16
VisualStudioVersion = 16.0.30523.141
MinimumVisualStudioVersion = 10.0.40219.1
Project("{FAE04EC0-301F-11D3-BF4B-00C04F79EFBC}") = "Wpfschooldemo", "Wpfschooldemo\Wpfschooldemo.csproj", "{DC02DC3F-3981-4AB2-8F7E-AD178B572811}"
EndProject
Global
	GlobalSection(SolutionConfigurationPlatforms) = preSolution
		Debug|Any CPU = Debug|Any CPU
		Release|Any CPU = Release|Any CPU
	EndGlobalSection
	GlobalSection(ProjectConfigurationPlatforms) = postSolution
		{DC02DC3F-3981-4AB2-8F7E-AD178B572811}.Debug|Any CPU.ActiveCfg = Debug|Any CPU
		{DC02DC3F-3981-4AB2-8F7E-AD178B572811}.Debug|Any CPU.Build.0 = Debug|Any CPU
		{DC02DC3F-3981-4AB2-8F7E-AD178B572811}.Release|Any CPU.ActiveCfg = Release|Any CPU
		{DC02DC3F-3981-4AB2-8F7E-AD178B572811}.Release|Any CPU.Build.0 = Release|Any CPU
	EndGlobalSection
	GlobalSection(SolutionProperties) = preSolution
		HideSolutionNode = FALSE
	EndGlobalSection
	GlobalSection(ExtensibilityGlobals) = postSolution
		SolutionGuid = {4CB93998-2F26-4794-AB29-2E10DE575A3F}
	EndGlobalSection
EndGlobal
