
Microsoft Visual Studio Solution File, Format Version 12.00
# Visual Studio Version 16
VisualStudioVersion = 16.0.30523.141
MinimumVisualStudioVersion = 10.0.40219.1
Project("{FAE04EC0-301F-11D3-BF4B-00C04F79EFBC}") = "WpfTeacherDemo", "WpfTeacherDemo\WpfTeacherDemo.csproj", "{3A6380AA-2382-4825-B6A7-0BB051B4ABAF}"
EndProject
Global
	GlobalSection(SolutionConfigurationPlatforms) = preSolution
		Debug|Any CPU = Debug|Any CPU
		Release|Any CPU = Release|Any CPU
	EndGlobalSection
	GlobalSection(ProjectConfigurationPlatforms) = postSolution
		{3A6380AA-2382-4825-B6A7-0BB051B4ABAF}.Debug|Any CPU.ActiveCfg = Debug|Any CPU
		{3A6380AA-2382-4825-B6A7-0BB051B4ABAF}.Debug|Any CPU.Build.0 = Debug|Any CPU
		{3A6380AA-2382-4825-B6A7-0BB051B4ABAF}.Release|Any CPU.ActiveCfg = Release|Any CPU
		{3A6380AA-2382-4825-B6A7-0BB051B4ABAF}.Release|Any CPU.Build.0 = Release|Any CPU
	EndGlobalSection
	GlobalSection(SolutionProperties) = preSolution
		HideSolutionNode = FALSE
	EndGlobalSection
	GlobalSection(ExtensibilityGlobals) = postSolution
		SolutionGuid = {D8D84FA6-12CE-40CA-A4A0-F9A0E0F4FBF4}
	EndGlobalSection
EndGlobal
